
Microsoft Visual Studio Solution File, Format Version 12.00
# Visual Studio 15
VisualStudioVersion = 15.0.28307.421
MinimumVisualStudioVersion = 10.0.40219.1
Project("{2150E333-8FDC-42A3-9474-1A3956D46DE8}") = "XamarinForms", "XamarinForms", "{A1FAA85C-BC46-4D48-A2AC-0D87BFB42329}"
EndProject
Project("{FAE04EC0-301F-11D3-BF4B-00C04F79EFBC}") = "ControlesCustoms.Android", "ControlesCustoms\ControlesCustoms.Android.csproj", "{7A016682-3070-4404-AD4E-656AAB582CFB}"
EndProject
Project("{9A19103F-16F7-4668-BE54-9A1E7A4F7556}") = "ControlesCustoms.Standard", "ControlesCustoms.Standard\ControlesCustoms.Standard.csproj", "{EAD970EF-75A2-4396-AFF8-F594AD0E2C45}"
EndProject
Project("{FAE04EC0-301F-11D3-BF4B-00C04F79EFBC}") = "ControlesCustoms.UWP", "ControlesCustoms.UWP\ControlesCustoms.UWP.csproj", "{78B083E9-875C-4B7B-9EA2-3B68EF86194E}"
EndProject
Project("{FAE04EC0-301F-11D3-BF4B-00C04F79EFBC}") = "ControlesCustoms.Sample.Android", "ControlesCustoms.Sample\ControlesCustoms.Sample.Android\ControlesCustoms.Sample.Android.csproj", "{A54E9CED-2D70-468F-9425-11ABB3D96EB0}"
EndProject
Project("{FAE04EC0-301F-11D3-BF4B-00C04F79EFBC}") = "ControlesCustoms.Sample.iOS", "ControlesCustoms.Sample\ControlesCustoms.Sample.iOS\ControlesCustoms.Sample.iOS.csproj", "{31F77BF9-B01B-4C65-8E4E-AE32B002A92C}"
EndProject
Project("{FAE04EC0-301F-11D3-BF4B-00C04F79EFBC}") = "ControlesCustoms.Sample.UWP", "ControlesCustoms.Sample\ControlesCustoms.Sample.UWP\ControlesCustoms.Sample.UWP.csproj", "{6424BD8A-9CA7-4BA3-B15E-922F75BE5271}"
EndProject
Project("{9A19103F-16F7-4668-BE54-9A1E7A4F7556}") = "ControlesCustoms.Sample", "ControlesCustoms.Sample\ControlesCustoms.Sample\ControlesCustoms.Sample.csproj", "{0C95DE3A-9698-4AB3-AB01-F2273C71ADE5}"
EndProject
Project("{2150E333-8FDC-42A3-9474-1A3956D46DE8}") = "Video", "Video", "{1E7E05D8-C80E-4F3D-8CEA-1FA72BECF479}"
	ProjectSection(SolutionItems) = preProject
		C:\Users\fabien\Pictures\config3.6.jpg = C:\Users\fabien\Pictures\config3.6.jpg
		Script1.js = Script1.js
		C:\Users\fabien\Desktop\Sliderpopup.webm = C:\Users\fabien\Desktop\Sliderpopup.webm
	EndProjectSection
EndProject
Global
	GlobalSection(SolutionConfigurationPlatforms) = preSolution
		Ad-Hoc|Any CPU = Ad-Hoc|Any CPU
		Ad-Hoc|ARM = Ad-Hoc|ARM
		Ad-Hoc|ARM64 = Ad-Hoc|ARM64
		Ad-Hoc|iPhone = Ad-Hoc|iPhone
		Ad-Hoc|iPhoneSimulator = Ad-Hoc|iPhoneSimulator
		Ad-Hoc|x64 = Ad-Hoc|x64
		Ad-Hoc|x86 = Ad-Hoc|x86
		AppStore|Any CPU = AppStore|Any CPU
		AppStore|ARM = AppStore|ARM
		AppStore|ARM64 = AppStore|ARM64
		AppStore|iPhone = AppStore|iPhone
		AppStore|iPhoneSimulator = AppStore|iPhoneSimulator
		AppStore|x64 = AppStore|x64
		AppStore|x86 = AppStore|x86
		Debug|Any CPU = Debug|Any CPU
		Debug|ARM = Debug|ARM
		Debug|ARM64 = Debug|ARM64
		Debug|iPhone = Debug|iPhone
		Debug|iPhoneSimulator = Debug|iPhoneSimulator
		Debug|x64 = Debug|x64
		Debug|x86 = Debug|x86
		Release|Any CPU = Release|Any CPU
		Release|ARM = Release|ARM
		Release|ARM64 = Release|ARM64
		Release|iPhone = Release|iPhone
		Release|iPhoneSimulator = Release|iPhoneSimulator
		Release|x64 = Release|x64
		Release|x86 = Release|x86
	EndGlobalSection
	GlobalSection(ProjectConfigurationPlatforms) = postSolution
		{7A016682-3070-4404-AD4E-656AAB582CFB}.Ad-Hoc|Any CPU.ActiveCfg = Release|Any CPU
		{7A016682-3070-4404-AD4E-656AAB582CFB}.Ad-Hoc|Any CPU.Build.0 = Release|Any CPU
		{7A016682-3070-4404-AD4E-656AAB582CFB}.Ad-Hoc|ARM.ActiveCfg = Release|Any CPU
		{7A016682-3070-4404-AD4E-656AAB582CFB}.Ad-Hoc|ARM.Build.0 = Release|Any CPU
		{7A016682-3070-4404-AD4E-656AAB582CFB}.Ad-Hoc|ARM64.ActiveCfg = Release|Any CPU
		{7A016682-3070-4404-AD4E-656AAB582CFB}.Ad-Hoc|ARM64.Build.0 = Release|Any CPU
		{7A016682-3070-4404-AD4E-656AAB582CFB}.Ad-Hoc|iPhone.ActiveCfg = Release|Any CPU
		{7A016682-3070-4404-AD4E-656AAB582CFB}.Ad-Hoc|iPhone.Build.0 = Release|Any CPU
		{7A016682-3070-4404-AD4E-656AAB582CFB}.Ad-Hoc|iPhoneSimulator.ActiveCfg = Release|Any CPU
		{7A016682-3070-4404-AD4E-656AAB582CFB}.Ad-Hoc|iPhoneSimulator.Build.0 = Release|Any CPU
		{7A016682-3070-4404-AD4E-656AAB582CFB}.Ad-Hoc|x64.ActiveCfg = Release|Any CPU
		{7A016682-3070-4404-AD4E-656AAB582CFB}.Ad-Hoc|x64.Build.0 = Release|Any CPU
		{7A016682-3070-4404-AD4E-656AAB582CFB}.Ad-Hoc|x86.ActiveCfg = Release|Any CPU
		{7A016682-3070-4404-AD4E-656AAB582CFB}.Ad-Hoc|x86.Build.0 = Release|Any CPU
		{7A016682-3070-4404-AD4E-656AAB582CFB}.AppStore|Any CPU.ActiveCfg = Release|Any CPU
		{7A016682-3070-4404-AD4E-656AAB582CFB}.AppStore|Any CPU.Build.0 = Release|Any CPU
		{7A016682-3070-4404-AD4E-656AAB582CFB}.AppStore|ARM.ActiveCfg = Release|Any CPU
		{7A016682-3070-4404-AD4E-656AAB582CFB}.AppStore|ARM.Build.0 = Release|Any CPU
		{7A016682-3070-4404-AD4E-656AAB582CFB}.AppStore|ARM64.ActiveCfg = Release|Any CPU
		{7A016682-3070-4404-AD4E-656AAB582CFB}.AppStore|ARM64.Build.0 = Release|Any CPU
		{7A016682-3070-4404-AD4E-656AAB582CFB}.AppStore|iPhone.ActiveCfg = Release|Any CPU
		{7A016682-3070-4404-AD4E-656AAB582CFB}.AppStore|iPhone.Build.0 = Release|Any CPU
		{7A016682-3070-4404-AD4E-656AAB582CFB}.AppStore|iPhoneSimulator.ActiveCfg = Release|Any CPU
		{7A016682-3070-4404-AD4E-656AAB582CFB}.AppStore|iPhoneSimulator.Build.0 = Release|Any CPU
		{7A016682-3070-4404-AD4E-656AAB582CFB}.AppStore|x64.ActiveCfg = Release|Any CPU
		{7A016682-3070-4404-AD4E-656AAB582CFB}.AppStore|x64.Build.0 = Release|Any CPU
		{7A016682-3070-4404-AD4E-656AAB582CFB}.AppStore|x86.ActiveCfg = Release|Any CPU
		{7A016682-3070-4404-AD4E-656AAB582CFB}.AppStore|x86.Build.0 = Release|Any CPU
		{7A016682-3070-4404-AD4E-656AAB582CFB}.Debug|Any CPU.ActiveCfg = Debug|Any CPU
		{7A016682-3070-4404-AD4E-656AAB582CFB}.Debug|Any CPU.Build.0 = Debug|Any CPU
		{7A016682-3070-4404-AD4E-656AAB582CFB}.Debug|ARM.ActiveCfg = Debug|Any CPU
		{7A016682-3070-4404-AD4E-656AAB582CFB}.Debug|ARM.Build.0 = Debug|Any CPU
		{7A016682-3070-4404-AD4E-656AAB582CFB}.Debug|ARM64.ActiveCfg = Debug|Any CPU
		{7A016682-3070-4404-AD4E-656AAB582CFB}.Debug|ARM64.Build.0 = Debug|Any CPU
		{7A016682-3070-4404-AD4E-656AAB582CFB}.Debug|iPhone.ActiveCfg = Debug|Any CPU
		{7A016682-3070-4404-AD4E-656AAB582CFB}.Debug|iPhone.Build.0 = Debug|Any CPU
		{7A016682-3070-4404-AD4E-656AAB582CFB}.Debug|iPhoneSimulator.ActiveCfg = Debug|Any CPU
		{7A016682-3070-4404-AD4E-656AAB582CFB}.Debug|iPhoneSimulator.Build.0 = Debug|Any CPU
		{7A016682-3070-4404-AD4E-656AAB582CFB}.Debug|x64.ActiveCfg = Debug|Any CPU
		{7A016682-3070-4404-AD4E-656AAB582CFB}.Debug|x64.Build.0 = Debug|Any CPU
		{7A016682-3070-4404-AD4E-656AAB582CFB}.Debug|x86.ActiveCfg = Debug|Any CPU
		{7A016682-3070-4404-AD4E-656AAB582CFB}.Debug|x86.Build.0 = Debug|Any CPU
		{7A016682-3070-4404-AD4E-656AAB582CFB}.Release|Any CPU.ActiveCfg = Release|Any CPU
		{7A016682-3070-4404-AD4E-656AAB582CFB}.Release|Any CPU.Build.0 = Release|Any CPU
		{7A016682-3070-4404-AD4E-656AAB582CFB}.Release|ARM.ActiveCfg = Release|Any CPU
		{7A016682-3070-4404-AD4E-656AAB582CFB}.Release|ARM.Build.0 = Release|Any CPU
		{7A016682-3070-4404-AD4E-656AAB582CFB}.Release|ARM64.ActiveCfg = Release|Any CPU
		{7A016682-3070-4404-AD4E-656AAB582CFB}.Release|ARM64.Build.0 = Release|Any CPU
		{7A016682-3070-4404-AD4E-656AAB582CFB}.Release|iPhone.ActiveCfg = Release|Any CPU
		{7A016682-3070-4404-AD4E-656AAB582CFB}.Release|iPhone.Build.0 = Release|Any CPU
		{7A016682-3070-4404-AD4E-656AAB582CFB}.Release|iPhoneSimulator.ActiveCfg = Release|Any CPU
		{7A016682-3070-4404-AD4E-656AAB582CFB}.Release|iPhoneSimulator.Build.0 = Release|Any CPU
		{7A016682-3070-4404-AD4E-656AAB582CFB}.Release|x64.ActiveCfg = Release|Any CPU
		{7A016682-3070-4404-AD4E-656AAB582CFB}.Release|x64.Build.0 = Release|Any CPU
		{7A016682-3070-4404-AD4E-656AAB582CFB}.Release|x86.ActiveCfg = Release|Any CPU
		{7A016682-3070-4404-AD4E-656AAB582CFB}.Release|x86.Build.0 = Release|Any CPU
		{EAD970EF-75A2-4396-AFF8-F594AD0E2C45}.Ad-Hoc|Any CPU.ActiveCfg = Release|Any CPU
		{EAD970EF-75A2-4396-AFF8-F594AD0E2C45}.Ad-Hoc|Any CPU.Build.0 = Release|Any CPU
		{EAD970EF-75A2-4396-AFF8-F594AD0E2C45}.Ad-Hoc|ARM.ActiveCfg = Release|Any CPU
		{EAD970EF-75A2-4396-AFF8-F594AD0E2C45}.Ad-Hoc|ARM.Build.0 = Release|Any CPU
		{EAD970EF-75A2-4396-AFF8-F594AD0E2C45}.Ad-Hoc|ARM64.ActiveCfg = Release|Any CPU
		{EAD970EF-75A2-4396-AFF8-F594AD0E2C45}.Ad-Hoc|ARM64.Build.0 = Release|Any CPU
		{EAD970EF-75A2-4396-AFF8-F594AD0E2C45}.Ad-Hoc|iPhone.ActiveCfg = Release|Any CPU
		{EAD970EF-75A2-4396-AFF8-F594AD0E2C45}.Ad-Hoc|iPhone.Build.0 = Release|Any CPU
		{EAD970EF-75A2-4396-AFF8-F594AD0E2C45}.Ad-Hoc|iPhoneSimulator.ActiveCfg = Release|Any CPU
		{EAD970EF-75A2-4396-AFF8-F594AD0E2C45}.Ad-Hoc|iPhoneSimulator.Build.0 = Release|Any CPU
		{EAD970EF-75A2-4396-AFF8-F594AD0E2C45}.Ad-Hoc|x64.ActiveCfg = Release|Any CPU
		{EAD970EF-75A2-4396-AFF8-F594AD0E2C45}.Ad-Hoc|x64.Build.0 = Release|Any CPU
		{EAD970EF-75A2-4396-AFF8-F594AD0E2C45}.Ad-Hoc|x86.ActiveCfg = Release|Any CPU
		{EAD970EF-75A2-4396-AFF8-F594AD0E2C45}.Ad-Hoc|x86.Build.0 = Release|Any CPU
		{EAD970EF-75A2-4396-AFF8-F594AD0E2C45}.AppStore|Any CPU.ActiveCfg = Release|Any CPU
		{EAD970EF-75A2-4396-AFF8-F594AD0E2C45}.AppStore|Any CPU.Build.0 = Release|Any CPU
		{EAD970EF-75A2-4396-AFF8-F594AD0E2C45}.AppStore|ARM.ActiveCfg = Release|Any CPU
		{EAD970EF-75A2-4396-AFF8-F594AD0E2C45}.AppStore|ARM.Build.0 = Release|Any CPU
		{EAD970EF-75A2-4396-AFF8-F594AD0E2C45}.AppStore|ARM64.ActiveCfg = Release|Any CPU
		{EAD970EF-75A2-4396-AFF8-F594AD0E2C45}.AppStore|ARM64.Build.0 = Release|Any CPU
		{EAD970EF-75A2-4396-AFF8-F594AD0E2C45}.AppStore|iPhone.ActiveCfg = Release|Any CPU
		{EAD970EF-75A2-4396-AFF8-F594AD0E2C45}.AppStore|iPhone.Build.0 = Release|Any CPU
		{EAD970EF-75A2-4396-AFF8-F594AD0E2C45}.AppStore|iPhoneSimulator.ActiveCfg = Release|Any CPU
		{EAD970EF-75A2-4396-AFF8-F594AD0E2C45}.AppStore|iPhoneSimulator.Build.0 = Release|Any CPU
		{EAD970EF-75A2-4396-AFF8-F594AD0E2C45}.AppStore|x64.ActiveCfg = Release|Any CPU
		{EAD970EF-75A2-4396-AFF8-F594AD0E2C45}.AppStore|x64.Build.0 = Release|Any CPU
		{EAD970EF-75A2-4396-AFF8-F594AD0E2C45}.AppStore|x86.ActiveCfg = Release|Any CPU
		{EAD970EF-75A2-4396-AFF8-F594AD0E2C45}.AppStore|x86.Build.0 = Release|Any CPU
		{EAD970EF-75A2-4396-AFF8-F594AD0E2C45}.Debug|Any CPU.ActiveCfg = Debug|Any CPU
		{EAD970EF-75A2-4396-AFF8-F594AD0E2C45}.Debug|Any CPU.Build.0 = Debug|Any CPU
		{EAD970EF-75A2-4396-AFF8-F594AD0E2C45}.Debug|ARM.ActiveCfg = Debug|Any CPU
		{EAD970EF-75A2-4396-AFF8-F594AD0E2C45}.Debug|ARM.Build.0 = Debug|Any CPU
		{EAD970EF-75A2-4396-AFF8-F594AD0E2C45}.Debug|ARM64.ActiveCfg = Debug|Any CPU
		{EAD970EF-75A2-4396-AFF8-F594AD0E2C45}.Debug|ARM64.Build.0 = Debug|Any CPU
		{EAD970EF-75A2-4396-AFF8-F594AD0E2C45}.Debug|iPhone.ActiveCfg = Debug|Any CPU
		{EAD970EF-75A2-4396-AFF8-F594AD0E2C45}.Debug|iPhone.Build.0 = Debug|Any CPU
		{EAD970EF-75A2-4396-AFF8-F594AD0E2C45}.Debug|iPhoneSimulator.ActiveCfg = Debug|Any CPU
		{EAD970EF-75A2-4396-AFF8-F594AD0E2C45}.Debug|iPhoneSimulator.Build.0 = Debug|Any CPU
		{EAD970EF-75A2-4396-AFF8-F594AD0E2C45}.Debug|x64.ActiveCfg = Debug|Any CPU
		{EAD970EF-75A2-4396-AFF8-F594AD0E2C45}.Debug|x64.Build.0 = Debug|Any CPU
		{EAD970EF-75A2-4396-AFF8-F594AD0E2C45}.Debug|x86.ActiveCfg = Debug|Any CPU
		{EAD970EF-75A2-4396-AFF8-F594AD0E2C45}.Debug|x86.Build.0 = Debug|Any CPU
		{EAD970EF-75A2-4396-AFF8-F594AD0E2C45}.Release|Any CPU.ActiveCfg = Release|Any CPU
		{EAD970EF-75A2-4396-AFF8-F594AD0E2C45}.Release|Any CPU.Build.0 = Release|Any CPU
		{EAD970EF-75A2-4396-AFF8-F594AD0E2C45}.Release|ARM.ActiveCfg = Release|Any CPU
		{EAD970EF-75A2-4396-AFF8-F594AD0E2C45}.Release|ARM.Build.0 = Release|Any CPU
		{EAD970EF-75A2-4396-AFF8-F594AD0E2C45}.Release|ARM64.ActiveCfg = Release|Any CPU
		{EAD970EF-75A2-4396-AFF8-F594AD0E2C45}.Release|ARM64.Build.0 = Release|Any CPU
		{EAD970EF-75A2-4396-AFF8-F594AD0E2C45}.Release|iPhone.ActiveCfg = Release|Any CPU
		{EAD970EF-75A2-4396-AFF8-F594AD0E2C45}.Release|iPhone.Build.0 = Release|Any CPU
		{EAD970EF-75A2-4396-AFF8-F594AD0E2C45}.Release|iPhoneSimulator.ActiveCfg = Release|Any CPU
		{EAD970EF-75A2-4396-AFF8-F594AD0E2C45}.Release|iPhoneSimulator.Build.0 = Release|Any CPU
		{EAD970EF-75A2-4396-AFF8-F594AD0E2C45}.Release|x64.ActiveCfg = Release|Any CPU
		{EAD970EF-75A2-4396-AFF8-F594AD0E2C45}.Release|x64.Build.0 = Release|Any CPU
		{EAD970EF-75A2-4396-AFF8-F594AD0E2C45}.Release|x86.ActiveCfg = Release|Any CPU
		{EAD970EF-75A2-4396-AFF8-F594AD0E2C45}.Release|x86.Build.0 = Release|Any CPU
		{78B083E9-875C-4B7B-9EA2-3B68EF86194E}.Ad-Hoc|Any CPU.ActiveCfg = Release|Any CPU
		{78B083E9-875C-4B7B-9EA2-3B68EF86194E}.Ad-Hoc|Any CPU.Build.0 = Release|Any CPU
		{78B083E9-875C-4B7B-9EA2-3B68EF86194E}.Ad-Hoc|ARM.ActiveCfg = Release|ARM
		{78B083E9-875C-4B7B-9EA2-3B68EF86194E}.Ad-Hoc|ARM.Build.0 = Release|ARM
		{78B083E9-875C-4B7B-9EA2-3B68EF86194E}.Ad-Hoc|ARM64.ActiveCfg = Release|ARM64
		{78B083E9-875C-4B7B-9EA2-3B68EF86194E}.Ad-Hoc|ARM64.Build.0 = Release|ARM64
		{78B083E9-875C-4B7B-9EA2-3B68EF86194E}.Ad-Hoc|iPhone.ActiveCfg = Release|Any CPU
		{78B083E9-875C-4B7B-9EA2-3B68EF86194E}.Ad-Hoc|iPhone.Build.0 = Release|Any CPU
		{78B083E9-875C-4B7B-9EA2-3B68EF86194E}.Ad-Hoc|iPhoneSimulator.ActiveCfg = Release|Any CPU
		{78B083E9-875C-4B7B-9EA2-3B68EF86194E}.Ad-Hoc|iPhoneSimulator.Build.0 = Release|Any CPU
		{78B083E9-875C-4B7B-9EA2-3B68EF86194E}.Ad-Hoc|x64.ActiveCfg = Release|x64
		{78B083E9-875C-4B7B-9EA2-3B68EF86194E}.Ad-Hoc|x64.Build.0 = Release|x64
		{78B083E9-875C-4B7B-9EA2-3B68EF86194E}.Ad-Hoc|x86.ActiveCfg = Release|x86
		{78B083E9-875C-4B7B-9EA2-3B68EF86194E}.Ad-Hoc|x86.Build.0 = Release|x86
		{78B083E9-875C-4B7B-9EA2-3B68EF86194E}.AppStore|Any CPU.ActiveCfg = Release|Any CPU
		{78B083E9-875C-4B7B-9EA2-3B68EF86194E}.AppStore|Any CPU.Build.0 = Release|Any CPU
		{78B083E9-875C-4B7B-9EA2-3B68EF86194E}.AppStore|ARM.ActiveCfg = Release|ARM
		{78B083E9-875C-4B7B-9EA2-3B68EF86194E}.AppStore|ARM.Build.0 = Release|ARM
		{78B083E9-875C-4B7B-9EA2-3B68EF86194E}.AppStore|ARM64.ActiveCfg = Release|ARM64
		{78B083E9-875C-4B7B-9EA2-3B68EF86194E}.AppStore|ARM64.Build.0 = Release|ARM64
		{78B083E9-875C-4B7B-9EA2-3B68EF86194E}.AppStore|iPhone.ActiveCfg = Release|Any CPU
		{78B083E9-875C-4B7B-9EA2-3B68EF86194E}.AppStore|iPhone.Build.0 = Release|Any CPU
		{78B083E9-875C-4B7B-9EA2-3B68EF86194E}.AppStore|iPhoneSimulator.ActiveCfg = Release|Any CPU
		{78B083E9-875C-4B7B-9EA2-3B68EF86194E}.AppStore|iPhoneSimulator.Build.0 = Release|Any CPU
		{78B083E9-875C-4B7B-9EA2-3B68EF86194E}.AppStore|x64.ActiveCfg = Release|x64
		{78B083E9-875C-4B7B-9EA2-3B68EF86194E}.AppStore|x64.Build.0 = Release|x64
		{78B083E9-875C-4B7B-9EA2-3B68EF86194E}.AppStore|x86.ActiveCfg = Release|x86
		{78B083E9-875C-4B7B-9EA2-3B68EF86194E}.AppStore|x86.Build.0 = Release|x86
		{78B083E9-875C-4B7B-9EA2-3B68EF86194E}.Debug|Any CPU.ActiveCfg = Debug|Any CPU
		{78B083E9-875C-4B7B-9EA2-3B68EF86194E}.Debug|Any CPU.Build.0 = Debug|Any CPU
		{78B083E9-875C-4B7B-9EA2-3B68EF86194E}.Debug|ARM.ActiveCfg = Debug|ARM
		{78B083E9-875C-4B7B-9EA2-3B68EF86194E}.Debug|ARM.Build.0 = Debug|ARM
		{78B083E9-875C-4B7B-9EA2-3B68EF86194E}.Debug|ARM64.ActiveCfg = Debug|ARM64
		{78B083E9-875C-4B7B-9EA2-3B68EF86194E}.Debug|ARM64.Build.0 = Debug|ARM64
		{78B083E9-875C-4B7B-9EA2-3B68EF86194E}.Debug|iPhone.ActiveCfg = Debug|Any CPU
		{78B083E9-875C-4B7B-9EA2-3B68EF86194E}.Debug|iPhone.Build.0 = Debug|Any CPU
		{78B083E9-875C-4B7B-9EA2-3B68EF86194E}.Debug|iPhoneSimulator.ActiveCfg = Debug|Any CPU
		{78B083E9-875C-4B7B-9EA2-3B68EF86194E}.Debug|iPhoneSimulator.Build.0 = Debug|Any CPU
		{78B083E9-875C-4B7B-9EA2-3B68EF86194E}.Debug|x64.ActiveCfg = Debug|x64
		{78B083E9-875C-4B7B-9EA2-3B68EF86194E}.Debug|x64.Build.0 = Debug|x64
		{78B083E9-875C-4B7B-9EA2-3B68EF86194E}.Debug|x86.ActiveCfg = Debug|x86
		{78B083E9-875C-4B7B-9EA2-3B68EF86194E}.Debug|x86.Build.0 = Debug|x86
		{78B083E9-875C-4B7B-9EA2-3B68EF86194E}.Release|Any CPU.ActiveCfg = Release|Any CPU
		{78B083E9-875C-4B7B-9EA2-3B68EF86194E}.Release|Any CPU.Build.0 = Release|Any CPU
		{78B083E9-875C-4B7B-9EA2-3B68EF86194E}.Release|ARM.ActiveCfg = Release|ARM
		{78B083E9-875C-4B7B-9EA2-3B68EF86194E}.Release|ARM.Build.0 = Release|ARM
		{78B083E9-875C-4B7B-9EA2-3B68EF86194E}.Release|ARM64.ActiveCfg = Release|ARM64
		{78B083E9-875C-4B7B-9EA2-3B68EF86194E}.Release|ARM64.Build.0 = Release|ARM64
		{78B083E9-875C-4B7B-9EA2-3B68EF86194E}.Release|iPhone.ActiveCfg = Release|Any CPU
		{78B083E9-875C-4B7B-9EA2-3B68EF86194E}.Release|iPhone.Build.0 = Release|Any CPU
		{78B083E9-875C-4B7B-9EA2-3B68EF86194E}.Release|iPhoneSimulator.ActiveCfg = Release|Any CPU
		{78B083E9-875C-4B7B-9EA2-3B68EF86194E}.Release|iPhoneSimulator.Build.0 = Release|Any CPU
		{78B083E9-875C-4B7B-9EA2-3B68EF86194E}.Release|x64.ActiveCfg = Release|x64
		{78B083E9-875C-4B7B-9EA2-3B68EF86194E}.Release|x64.Build.0 = Release|x64
		{78B083E9-875C-4B7B-9EA2-3B68EF86194E}.Release|x86.ActiveCfg = Release|x86
		{78B083E9-875C-4B7B-9EA2-3B68EF86194E}.Release|x86.Build.0 = Release|x86
		{A54E9CED-2D70-468F-9425-11ABB3D96EB0}.Ad-Hoc|Any CPU.ActiveCfg = Release|Any CPU
		{A54E9CED-2D70-468F-9425-11ABB3D96EB0}.Ad-Hoc|Any CPU.Build.0 = Release|Any CPU
		{A54E9CED-2D70-468F-9425-11ABB3D96EB0}.Ad-Hoc|Any CPU.Deploy.0 = Release|Any CPU
		{A54E9CED-2D70-468F-9425-11ABB3D96EB0}.Ad-Hoc|ARM.ActiveCfg = Release|Any CPU
		{A54E9CED-2D70-468F-9425-11ABB3D96EB0}.Ad-Hoc|ARM.Build.0 = Release|Any CPU
		{A54E9CED-2D70-468F-9425-11ABB3D96EB0}.Ad-Hoc|ARM.Deploy.0 = Release|Any CPU
		{A54E9CED-2D70-468F-9425-11ABB3D96EB0}.Ad-Hoc|ARM64.ActiveCfg = Release|Any CPU
		{A54E9CED-2D70-468F-9425-11ABB3D96EB0}.Ad-Hoc|ARM64.Build.0 = Release|Any CPU
		{A54E9CED-2D70-468F-9425-11ABB3D96EB0}.Ad-Hoc|ARM64.Deploy.0 = Release|Any CPU
		{A54E9CED-2D70-468F-9425-11ABB3D96EB0}.Ad-Hoc|iPhone.ActiveCfg = Release|Any CPU
		{A54E9CED-2D70-468F-9425-11ABB3D96EB0}.Ad-Hoc|iPhone.Build.0 = Release|Any CPU
		{A54E9CED-2D70-468F-9425-11ABB3D96EB0}.Ad-Hoc|iPhone.Deploy.0 = Release|Any CPU
		{A54E9CED-2D70-468F-9425-11ABB3D96EB0}.Ad-Hoc|iPhoneSimulator.ActiveCfg = Release|Any CPU
		{A54E9CED-2D70-468F-9425-11ABB3D96EB0}.Ad-Hoc|iPhoneSimulator.Build.0 = Release|Any CPU
		{A54E9CED-2D70-468F-9425-11ABB3D96EB0}.Ad-Hoc|iPhoneSimulator.Deploy.0 = Release|Any CPU
		{A54E9CED-2D70-468F-9425-11ABB3D96EB0}.Ad-Hoc|x64.ActiveCfg = Release|Any CPU
		{A54E9CED-2D70-468F-9425-11ABB3D96EB0}.Ad-Hoc|x64.Build.0 = Release|Any CPU
		{A54E9CED-2D70-468F-9425-11ABB3D96EB0}.Ad-Hoc|x64.Deploy.0 = Release|Any CPU
		{A54E9CED-2D70-468F-9425-11ABB3D96EB0}.Ad-Hoc|x86.ActiveCfg = Release|Any CPU
		{A54E9CED-2D70-468F-9425-11ABB3D96EB0}.Ad-Hoc|x86.Build.0 = Release|Any CPU
		{A54E9CED-2D70-468F-9425-11ABB3D96EB0}.Ad-Hoc|x86.Deploy.0 = Release|Any CPU
		{A54E9CED-2D70-468F-9425-11ABB3D96EB0}.AppStore|Any CPU.ActiveCfg = Release|Any CPU
		{A54E9CED-2D70-468F-9425-11ABB3D96EB0}.AppStore|Any CPU.Build.0 = Release|Any CPU
		{A54E9CED-2D70-468F-9425-11ABB3D96EB0}.AppStore|Any CPU.Deploy.0 = Release|Any CPU
		{A54E9CED-2D70-468F-9425-11ABB3D96EB0}.AppStore|ARM.ActiveCfg = Release|Any CPU
		{A54E9CED-2D70-468F-9425-11ABB3D96EB0}.AppStore|ARM.Build.0 = Release|Any CPU
		{A54E9CED-2D70-468F-9425-11ABB3D96EB0}.AppStore|ARM.Deploy.0 = Release|Any CPU
		{A54E9CED-2D70-468F-9425-11ABB3D96EB0}.AppStore|ARM64.ActiveCfg = Release|Any CPU
		{A54E9CED-2D70-468F-9425-11ABB3D96EB0}.AppStore|ARM64.Build.0 = Release|Any CPU
		{A54E9CED-2D70-468F-9425-11ABB3D96EB0}.AppStore|ARM64.Deploy.0 = Release|Any CPU
		{A54E9CED-2D70-468F-9425-11ABB3D96EB0}.AppStore|iPhone.ActiveCfg = Release|Any CPU
		{A54E9CED-2D70-468F-9425-11ABB3D96EB0}.AppStore|iPhone.Build.0 = Release|Any CPU
		{A54E9CED-2D70-468F-9425-11ABB3D96EB0}.AppStore|iPhone.Deploy.0 = Release|Any CPU
		{A54E9CED-2D70-468F-9425-11ABB3D96EB0}.AppStore|iPhoneSimulator.ActiveCfg = Release|Any CPU
		{A54E9CED-2D70-468F-9425-11ABB3D96EB0}.AppStore|iPhoneSimulator.Build.0 = Release|Any CPU
		{A54E9CED-2D70-468F-9425-11ABB3D96EB0}.AppStore|iPhoneSimulator.Deploy.0 = Release|Any CPU
		{A54E9CED-2D70-468F-9425-11ABB3D96EB0}.AppStore|x64.ActiveCfg = Release|Any CPU
		{A54E9CED-2D70-468F-9425-11ABB3D96EB0}.AppStore|x64.Build.0 = Release|Any CPU
		{A54E9CED-2D70-468F-9425-11ABB3D96EB0}.AppStore|x64.Deploy.0 = Release|Any CPU
		{A54E9CED-2D70-468F-9425-11ABB3D96EB0}.AppStore|x86.ActiveCfg = Release|Any CPU
		{A54E9CED-2D70-468F-9425-11ABB3D96EB0}.AppStore|x86.Build.0 = Release|Any CPU
		{A54E9CED-2D70-468F-9425-11ABB3D96EB0}.AppStore|x86.Deploy.0 = Release|Any CPU
		{A54E9CED-2D70-468F-9425-11ABB3D96EB0}.Debug|Any CPU.ActiveCfg = Debug|Any CPU
		{A54E9CED-2D70-468F-9425-11ABB3D96EB0}.Debug|Any CPU.Build.0 = Debug|Any CPU
		{A54E9CED-2D70-468F-9425-11ABB3D96EB0}.Debug|Any CPU.Deploy.0 = Debug|Any CPU
		{A54E9CED-2D70-468F-9425-11ABB3D96EB0}.Debug|ARM.ActiveCfg = Debug|Any CPU
		{A54E9CED-2D70-468F-9425-11ABB3D96EB0}.Debug|ARM.Build.0 = Debug|Any CPU
		{A54E9CED-2D70-468F-9425-11ABB3D96EB0}.Debug|ARM.Deploy.0 = Debug|Any CPU
		{A54E9CED-2D70-468F-9425-11ABB3D96EB0}.Debug|ARM64.ActiveCfg = Debug|Any CPU
		{A54E9CED-2D70-468F-9425-11ABB3D96EB0}.Debug|ARM64.Build.0 = Debug|Any CPU
		{A54E9CED-2D70-468F-9425-11ABB3D96EB0}.Debug|ARM64.Deploy.0 = Debug|Any CPU
		{A54E9CED-2D70-468F-9425-11ABB3D96EB0}.Debug|iPhone.ActiveCfg = Debug|Any CPU
		{A54E9CED-2D70-468F-9425-11ABB3D96EB0}.Debug|iPhone.Build.0 = Debug|Any CPU
		{A54E9CED-2D70-468F-9425-11ABB3D96EB0}.Debug|iPhone.Deploy.0 = Debug|Any CPU
		{A54E9CED-2D70-468F-9425-11ABB3D96EB0}.Debug|iPhoneSimulator.ActiveCfg = Debug|Any CPU
		{A54E9CED-2D70-468F-9425-11ABB3D96EB0}.Debug|iPhoneSimulator.Build.0 = Debug|Any CPU
		{A54E9CED-2D70-468F-9425-11ABB3D96EB0}.Debug|iPhoneSimulator.Deploy.0 = Debug|Any CPU
		{A54E9CED-2D70-468F-9425-11ABB3D96EB0}.Debug|x64.ActiveCfg = Debug|Any CPU
		{A54E9CED-2D70-468F-9425-11ABB3D96EB0}.Debug|x64.Build.0 = Debug|Any CPU
		{A54E9CED-2D70-468F-9425-11ABB3D96EB0}.Debug|x64.Deploy.0 = Debug|Any CPU
		{A54E9CED-2D70-468F-9425-11ABB3D96EB0}.Debug|x86.ActiveCfg = Debug|Any CPU
		{A54E9CED-2D70-468F-9425-11ABB3D96EB0}.Debug|x86.Build.0 = Debug|Any CPU
		{A54E9CED-2D70-468F-9425-11ABB3D96EB0}.Debug|x86.Deploy.0 = Debug|Any CPU
		{A54E9CED-2D70-468F-9425-11ABB3D96EB0}.Release|Any CPU.ActiveCfg = Release|Any CPU
		{A54E9CED-2D70-468F-9425-11ABB3D96EB0}.Release|Any CPU.Build.0 = Release|Any CPU
		{A54E9CED-2D70-468F-9425-11ABB3D96EB0}.Release|Any CPU.Deploy.0 = Release|Any CPU
		{A54E9CED-2D70-468F-9425-11ABB3D96EB0}.Release|ARM.ActiveCfg = Release|Any CPU
		{A54E9CED-2D70-468F-9425-11ABB3D96EB0}.Release|ARM.Build.0 = Release|Any CPU
		{A54E9CED-2D70-468F-9425-11ABB3D96EB0}.Release|ARM.Deploy.0 = Release|Any CPU
		{A54E9CED-2D70-468F-9425-11ABB3D96EB0}.Release|ARM64.ActiveCfg = Release|Any CPU
		{A54E9CED-2D70-468F-9425-11ABB3D96EB0}.Release|ARM64.Build.0 = Release|Any CPU
		{A54E9CED-2D70-468F-9425-11ABB3D96EB0}.Release|ARM64.Deploy.0 = Release|Any CPU
		{A54E9CED-2D70-468F-9425-11ABB3D96EB0}.Release|iPhone.ActiveCfg = Release|Any CPU
		{A54E9CED-2D70-468F-9425-11ABB3D96EB0}.Release|iPhone.Build.0 = Release|Any CPU
		{A54E9CED-2D70-468F-9425-11ABB3D96EB0}.Release|iPhone.Deploy.0 = Release|Any CPU
		{A54E9CED-2D70-468F-9425-11ABB3D96EB0}.Release|iPhoneSimulator.ActiveCfg = Release|Any CPU
		{A54E9CED-2D70-468F-9425-11ABB3D96EB0}.Release|iPhoneSimulator.Build.0 = Release|Any CPU
		{A54E9CED-2D70-468F-9425-11ABB3D96EB0}.Release|iPhoneSimulator.Deploy.0 = Release|Any CPU
		{A54E9CED-2D70-468F-9425-11ABB3D96EB0}.Release|x64.ActiveCfg = Release|Any CPU
		{A54E9CED-2D70-468F-9425-11ABB3D96EB0}.Release|x64.Build.0 = Release|Any CPU
		{A54E9CED-2D70-468F-9425-11ABB3D96EB0}.Release|x64.Deploy.0 = Release|Any CPU
		{A54E9CED-2D70-468F-9425-11ABB3D96EB0}.Release|x86.ActiveCfg = Release|Any CPU
		{A54E9CED-2D70-468F-9425-11ABB3D96EB0}.Release|x86.Build.0 = Release|Any CPU
		{A54E9CED-2D70-468F-9425-11ABB3D96EB0}.Release|x86.Deploy.0 = Release|Any CPU
		{31F77BF9-B01B-4C65-8E4E-AE32B002A92C}.Ad-Hoc|Any CPU.ActiveCfg = Ad-Hoc|iPhone
		{31F77BF9-B01B-4C65-8E4E-AE32B002A92C}.Ad-Hoc|ARM.ActiveCfg = Ad-Hoc|iPhone
		{31F77BF9-B01B-4C65-8E4E-AE32B002A92C}.Ad-Hoc|ARM64.ActiveCfg = Ad-Hoc|iPhone
		{31F77BF9-B01B-4C65-8E4E-AE32B002A92C}.Ad-Hoc|iPhone.ActiveCfg = Ad-Hoc|iPhone
		{31F77BF9-B01B-4C65-8E4E-AE32B002A92C}.Ad-Hoc|iPhone.Build.0 = Ad-Hoc|iPhone
		{31F77BF9-B01B-4C65-8E4E-AE32B002A92C}.Ad-Hoc|iPhoneSimulator.ActiveCfg = Ad-Hoc|iPhoneSimulator
		{31F77BF9-B01B-4C65-8E4E-AE32B002A92C}.Ad-Hoc|iPhoneSimulator.Build.0 = Ad-Hoc|iPhoneSimulator
		{31F77BF9-B01B-4C65-8E4E-AE32B002A92C}.Ad-Hoc|x64.ActiveCfg = Ad-Hoc|iPhone
		{31F77BF9-B01B-4C65-8E4E-AE32B002A92C}.Ad-Hoc|x86.ActiveCfg = Ad-Hoc|iPhone
		{31F77BF9-B01B-4C65-8E4E-AE32B002A92C}.AppStore|Any CPU.ActiveCfg = AppStore|iPhone
		{31F77BF9-B01B-4C65-8E4E-AE32B002A92C}.AppStore|ARM.ActiveCfg = AppStore|iPhone
		{31F77BF9-B01B-4C65-8E4E-AE32B002A92C}.AppStore|ARM64.ActiveCfg = AppStore|iPhone
		{31F77BF9-B01B-4C65-8E4E-AE32B002A92C}.AppStore|iPhone.ActiveCfg = AppStore|iPhone
		{31F77BF9-B01B-4C65-8E4E-AE32B002A92C}.AppStore|iPhone.Build.0 = AppStore|iPhone
		{31F77BF9-B01B-4C65-8E4E-AE32B002A92C}.AppStore|iPhoneSimulator.ActiveCfg = AppStore|iPhoneSimulator
		{31F77BF9-B01B-4C65-8E4E-AE32B002A92C}.AppStore|iPhoneSimulator.Build.0 = AppStore|iPhoneSimulator
		{31F77BF9-B01B-4C65-8E4E-AE32B002A92C}.AppStore|x64.ActiveCfg = AppStore|iPhone
		{31F77BF9-B01B-4C65-8E4E-AE32B002A92C}.AppStore|x86.ActiveCfg = AppStore|iPhone
		{31F77BF9-B01B-4C65-8E4E-AE32B002A92C}.Debug|Any CPU.ActiveCfg = Debug|iPhone
		{31F77BF9-B01B-4C65-8E4E-AE32B002A92C}.Debug|ARM.ActiveCfg = Debug|iPhone
		{31F77BF9-B01B-4C65-8E4E-AE32B002A92C}.Debug|ARM64.ActiveCfg = Debug|iPhone
		{31F77BF9-B01B-4C65-8E4E-AE32B002A92C}.Debug|iPhone.ActiveCfg = Debug|iPhone
		{31F77BF9-B01B-4C65-8E4E-AE32B002A92C}.Debug|iPhone.Build.0 = Debug|iPhone
		{31F77BF9-B01B-4C65-8E4E-AE32B002A92C}.Debug|iPhoneSimulator.ActiveCfg = Debug|iPhoneSimulator
		{31F77BF9-B01B-4C65-8E4E-AE32B002A92C}.Debug|iPhoneSimulator.Build.0 = Debug|iPhoneSimulator
		{31F77BF9-B01B-4C65-8E4E-AE32B002A92C}.Debug|x64.ActiveCfg = Debug|iPhone
		{31F77BF9-B01B-4C65-8E4E-AE32B002A92C}.Debug|x86.ActiveCfg = Debug|iPhone
		{31F77BF9-B01B-4C65-8E4E-AE32B002A92C}.Release|Any CPU.ActiveCfg = Release|iPhone
		{31F77BF9-B01B-4C65-8E4E-AE32B002A92C}.Release|ARM.ActiveCfg = Release|iPhone
		{31F77BF9-B01B-4C65-8E4E-AE32B002A92C}.Release|ARM64.ActiveCfg = Release|iPhone
		{31F77BF9-B01B-4C65-8E4E-AE32B002A92C}.Release|iPhone.ActiveCfg = Release|iPhone
		{31F77BF9-B01B-4C65-8E4E-AE32B002A92C}.Release|iPhone.Build.0 = Release|iPhone
		{31F77BF9-B01B-4C65-8E4E-AE32B002A92C}.Release|iPhoneSimulator.ActiveCfg = Release|iPhoneSimulator
		{31F77BF9-B01B-4C65-8E4E-AE32B002A92C}.Release|iPhoneSimulator.Build.0 = Release|iPhoneSimulator
		{31F77BF9-B01B-4C65-8E4E-AE32B002A92C}.Release|x64.ActiveCfg = Release|iPhone
		{31F77BF9-B01B-4C65-8E4E-AE32B002A92C}.Release|x86.ActiveCfg = Release|iPhone
		{6424BD8A-9CA7-4BA3-B15E-922F75BE5271}.Ad-Hoc|Any CPU.ActiveCfg = Release|x86
		{6424BD8A-9CA7-4BA3-B15E-922F75BE5271}.Ad-Hoc|Any CPU.Build.0 = Release|x86
		{6424BD8A-9CA7-4BA3-B15E-922F75BE5271}.Ad-Hoc|Any CPU.Deploy.0 = Release|x86
		{6424BD8A-9CA7-4BA3-B15E-922F75BE5271}.Ad-Hoc|ARM.ActiveCfg = Release|ARM
		{6424BD8A-9CA7-4BA3-B15E-922F75BE5271}.Ad-Hoc|ARM.Build.0 = Release|ARM
		{6424BD8A-9CA7-4BA3-B15E-922F75BE5271}.Ad-Hoc|ARM.Deploy.0 = Release|ARM
		{6424BD8A-9CA7-4BA3-B15E-922F75BE5271}.Ad-Hoc|ARM64.ActiveCfg = Release|x86
		{6424BD8A-9CA7-4BA3-B15E-922F75BE5271}.Ad-Hoc|ARM64.Build.0 = Release|x86
		{6424BD8A-9CA7-4BA3-B15E-922F75BE5271}.Ad-Hoc|ARM64.Deploy.0 = Release|x86
		{6424BD8A-9CA7-4BA3-B15E-922F75BE5271}.Ad-Hoc|iPhone.ActiveCfg = Release|x86
		{6424BD8A-9CA7-4BA3-B15E-922F75BE5271}.Ad-Hoc|iPhone.Build.0 = Release|x86
		{6424BD8A-9CA7-4BA3-B15E-922F75BE5271}.Ad-Hoc|iPhone.Deploy.0 = Release|x86
		{6424BD8A-9CA7-4BA3-B15E-922F75BE5271}.Ad-Hoc|iPhoneSimulator.ActiveCfg = Release|x86
		{6424BD8A-9CA7-4BA3-B15E-922F75BE5271}.Ad-Hoc|iPhoneSimulator.Build.0 = Release|x86
		{6424BD8A-9CA7-4BA3-B15E-922F75BE5271}.Ad-Hoc|iPhoneSimulator.Deploy.0 = Release|x86
		{6424BD8A-9CA7-4BA3-B15E-922F75BE5271}.Ad-Hoc|x64.ActiveCfg = Release|x64
		{6424BD8A-9CA7-4BA3-B15E-922F75BE5271}.Ad-Hoc|x64.Build.0 = Release|x64
		{6424BD8A-9CA7-4BA3-B15E-922F75BE5271}.Ad-Hoc|x64.Deploy.0 = Release|x64
		{6424BD8A-9CA7-4BA3-B15E-922F75BE5271}.Ad-Hoc|x86.ActiveCfg = Release|x86
		{6424BD8A-9CA7-4BA3-B15E-922F75BE5271}.Ad-Hoc|x86.Build.0 = Release|x86
		{6424BD8A-9CA7-4BA3-B15E-922F75BE5271}.Ad-Hoc|x86.Deploy.0 = Release|x86
		{6424BD8A-9CA7-4BA3-B15E-922F75BE5271}.AppStore|Any CPU.ActiveCfg = Release|x86
		{6424BD8A-9CA7-4BA3-B15E-922F75BE5271}.AppStore|Any CPU.Build.0 = Release|x86
		{6424BD8A-9CA7-4BA3-B15E-922F75BE5271}.AppStore|Any CPU.Deploy.0 = Release|x86
		{6424BD8A-9CA7-4BA3-B15E-922F75BE5271}.AppStore|ARM.ActiveCfg = Release|ARM
		{6424BD8A-9CA7-4BA3-B15E-922F75BE5271}.AppStore|ARM.Build.0 = Release|ARM
		{6424BD8A-9CA7-4BA3-B15E-922F75BE5271}.AppStore|ARM.Deploy.0 = Release|ARM
		{6424BD8A-9CA7-4BA3-B15E-922F75BE5271}.AppStore|ARM64.ActiveCfg = Release|x86
		{6424BD8A-9CA7-4BA3-B15E-922F75BE5271}.AppStore|ARM64.Build.0 = Release|x86
		{6424BD8A-9CA7-4BA3-B15E-922F75BE5271}.AppStore|ARM64.Deploy.0 = Release|x86
		{6424BD8A-9CA7-4BA3-B15E-922F75BE5271}.AppStore|iPhone.ActiveCfg = Release|x86
		{6424BD8A-9CA7-4BA3-B15E-922F75BE5271}.AppStore|iPhone.Build.0 = Release|x86
		{6424BD8A-9CA7-4BA3-B15E-922F75BE5271}.AppStore|iPhone.Deploy.0 = Release|x86
		{6424BD8A-9CA7-4BA3-B15E-922F75BE5271}.AppStore|iPhoneSimulator.ActiveCfg = Release|x86
		{6424BD8A-9CA7-4BA3-B15E-922F75BE5271}.AppStore|iPhoneSimulator.Build.0 = Release|x86
		{6424BD8A-9CA7-4BA3-B15E-922F75BE5271}.AppStore|iPhoneSimulator.Deploy.0 = Release|x86
		{6424BD8A-9CA7-4BA3-B15E-922F75BE5271}.AppStore|x64.ActiveCfg = Release|x64
		{6424BD8A-9CA7-4BA3-B15E-922F75BE5271}.AppStore|x64.Build.0 = Release|x64
		{6424BD8A-9CA7-4BA3-B15E-922F75BE5271}.AppStore|x64.Deploy.0 = Release|x64
		{6424BD8A-9CA7-4BA3-B15E-922F75BE5271}.AppStore|x86.ActiveCfg = Release|x86
		{6424BD8A-9CA7-4BA3-B15E-922F75BE5271}.AppStore|x86.Build.0 = Release|x86
		{6424BD8A-9CA7-4BA3-B15E-922F75BE5271}.AppStore|x86.Deploy.0 = Release|x86
		{6424BD8A-9CA7-4BA3-B15E-922F75BE5271}.Debug|Any CPU.ActiveCfg = Debug|x86
		{6424BD8A-9CA7-4BA3-B15E-922F75BE5271}.Debug|ARM.ActiveCfg = Debug|ARM
		{6424BD8A-9CA7-4BA3-B15E-922F75BE5271}.Debug|ARM.Build.0 = Debug|ARM
		{6424BD8A-9CA7-4BA3-B15E-922F75BE5271}.Debug|ARM.Deploy.0 = Debug|ARM
		{6424BD8A-9CA7-4BA3-B15E-922F75BE5271}.Debug|ARM64.ActiveCfg = Debug|x86
		{6424BD8A-9CA7-4BA3-B15E-922F75BE5271}.Debug|iPhone.ActiveCfg = Debug|x86
		{6424BD8A-9CA7-4BA3-B15E-922F75BE5271}.Debug|iPhoneSimulator.ActiveCfg = Debug|x86
		{6424BD8A-9CA7-4BA3-B15E-922F75BE5271}.Debug|x64.ActiveCfg = Debug|x64
		{6424BD8A-9CA7-4BA3-B15E-922F75BE5271}.Debug|x64.Build.0 = Debug|x64
		{6424BD8A-9CA7-4BA3-B15E-922F75BE5271}.Debug|x64.Deploy.0 = Debug|x64
		{6424BD8A-9CA7-4BA3-B15E-922F75BE5271}.Debug|x86.ActiveCfg = Debug|x86
		{6424BD8A-9CA7-4BA3-B15E-922F75BE5271}.Debug|x86.Build.0 = Debug|x86
		{6424BD8A-9CA7-4BA3-B15E-922F75BE5271}.Debug|x86.Deploy.0 = Debug|x86
		{6424BD8A-9CA7-4BA3-B15E-922F75BE5271}.Release|Any CPU.ActiveCfg = Release|x86
		{6424BD8A-9CA7-4BA3-B15E-922F75BE5271}.Release|ARM.ActiveCfg = Release|ARM
		{6424BD8A-9CA7-4BA3-B15E-922F75BE5271}.Release|ARM.Build.0 = Release|ARM
		{6424BD8A-9CA7-4BA3-B15E-922F75BE5271}.Release|ARM.Deploy.0 = Release|ARM
		{6424BD8A-9CA7-4BA3-B15E-922F75BE5271}.Release|ARM64.ActiveCfg = Release|x86
		{6424BD8A-9CA7-4BA3-B15E-922F75BE5271}.Release|iPhone.ActiveCfg = Release|x86
		{6424BD8A-9CA7-4BA3-B15E-922F75BE5271}.Release|iPhoneSimulator.ActiveCfg = Release|x86
		{6424BD8A-9CA7-4BA3-B15E-922F75BE5271}.Release|x64.ActiveCfg = Release|x64
		{6424BD8A-9CA7-4BA3-B15E-922F75BE5271}.Release|x64.Build.0 = Release|x64
		{6424BD8A-9CA7-4BA3-B15E-922F75BE5271}.Release|x64.Deploy.0 = Release|x64
		{6424BD8A-9CA7-4BA3-B15E-922F75BE5271}.Release|x86.ActiveCfg = Release|x86
		{6424BD8A-9CA7-4BA3-B15E-922F75BE5271}.Release|x86.Build.0 = Release|x86
		{6424BD8A-9CA7-4BA3-B15E-922F75BE5271}.Release|x86.Deploy.0 = Release|x86
		{0C95DE3A-9698-4AB3-AB01-F2273C71ADE5}.Ad-Hoc|Any CPU.ActiveCfg = Debug|Any CPU
		{0C95DE3A-9698-4AB3-AB01-F2273C71ADE5}.Ad-Hoc|Any CPU.Build.0 = Debug|Any CPU
		{0C95DE3A-9698-4AB3-AB01-F2273C71ADE5}.Ad-Hoc|ARM.ActiveCfg = Debug|Any CPU
		{0C95DE3A-9698-4AB3-AB01-F2273C71ADE5}.Ad-Hoc|ARM.Build.0 = Debug|Any CPU
		{0C95DE3A-9698-4AB3-AB01-F2273C71ADE5}.Ad-Hoc|ARM64.ActiveCfg = Debug|Any CPU
		{0C95DE3A-9698-4AB3-AB01-F2273C71ADE5}.Ad-Hoc|ARM64.Build.0 = Debug|Any CPU
		{0C95DE3A-9698-4AB3-AB01-F2273C71ADE5}.Ad-Hoc|iPhone.ActiveCfg = Debug|Any CPU
		{0C95DE3A-9698-4AB3-AB01-F2273C71ADE5}.Ad-Hoc|iPhone.Build.0 = Debug|Any CPU
		{0C95DE3A-9698-4AB3-AB01-F2273C71ADE5}.Ad-Hoc|iPhoneSimulator.ActiveCfg = Debug|Any CPU
		{0C95DE3A-9698-4AB3-AB01-F2273C71ADE5}.Ad-Hoc|iPhoneSimulator.Build.0 = Debug|Any CPU
		{0C95DE3A-9698-4AB3-AB01-F2273C71ADE5}.Ad-Hoc|x64.ActiveCfg = Debug|Any CPU
		{0C95DE3A-9698-4AB3-AB01-F2273C71ADE5}.Ad-Hoc|x64.Build.0 = Debug|Any CPU
		{0C95DE3A-9698-4AB3-AB01-F2273C71ADE5}.Ad-Hoc|x86.ActiveCfg = Debug|Any CPU
		{0C95DE3A-9698-4AB3-AB01-F2273C71ADE5}.Ad-Hoc|x86.Build.0 = Debug|Any CPU
		{0C95DE3A-9698-4AB3-AB01-F2273C71ADE5}.AppStore|Any CPU.ActiveCfg = Debug|Any CPU
		{0C95DE3A-9698-4AB3-AB01-F2273C71ADE5}.AppStore|Any CPU.Build.0 = Debug|Any CPU
		{0C95DE3A-9698-4AB3-AB01-F2273C71ADE5}.AppStore|ARM.ActiveCfg = Debug|Any CPU
		{0C95DE3A-9698-4AB3-AB01-F2273C71ADE5}.AppStore|ARM.Build.0 = Debug|Any CPU
		{0C95DE3A-9698-4AB3-AB01-F2273C71ADE5}.AppStore|ARM64.ActiveCfg = Debug|Any CPU
		{0C95DE3A-9698-4AB3-AB01-F2273C71ADE5}.AppStore|ARM64.Build.0 = Debug|Any CPU
		{0C95DE3A-9698-4AB3-AB01-F2273C71ADE5}.AppStore|iPhone.ActiveCfg = Debug|Any CPU
		{0C95DE3A-9698-4AB3-AB01-F2273C71ADE5}.AppStore|iPhone.Build.0 = Debug|Any CPU
		{0C95DE3A-9698-4AB3-AB01-F2273C71ADE5}.AppStore|iPhoneSimulator.ActiveCfg = Debug|Any CPU
		{0C95DE3A-9698-4AB3-AB01-F2273C71ADE5}.AppStore|iPhoneSimulator.Build.0 = Debug|Any CPU
		{0C95DE3A-9698-4AB3-AB01-F2273C71ADE5}.AppStore|x64.ActiveCfg = Debug|Any CPU
		{0C95DE3A-9698-4AB3-AB01-F2273C71ADE5}.AppStore|x64.Build.0 = Debug|Any CPU
		{0C95DE3A-9698-4AB3-AB01-F2273C71ADE5}.AppStore|x86.ActiveCfg = Debug|Any CPU
		{0C95DE3A-9698-4AB3-AB01-F2273C71ADE5}.AppStore|x86.Build.0 = Debug|Any CPU
		{0C95DE3A-9698-4AB3-AB01-F2273C71ADE5}.Debug|Any CPU.ActiveCfg = Debug|Any CPU
		{0C95DE3A-9698-4AB3-AB01-F2273C71ADE5}.Debug|Any CPU.Build.0 = Debug|Any CPU
		{0C95DE3A-9698-4AB3-AB01-F2273C71ADE5}.Debug|ARM.ActiveCfg = Debug|Any CPU
		{0C95DE3A-9698-4AB3-AB01-F2273C71ADE5}.Debug|ARM.Build.0 = Debug|Any CPU
		{0C95DE3A-9698-4AB3-AB01-F2273C71ADE5}.Debug|ARM64.ActiveCfg = Debug|Any CPU
		{0C95DE3A-9698-4AB3-AB01-F2273C71ADE5}.Debug|ARM64.Build.0 = Debug|Any CPU
		{0C95DE3A-9698-4AB3-AB01-F2273C71ADE5}.Debug|iPhone.ActiveCfg = Debug|Any CPU
		{0C95DE3A-9698-4AB3-AB01-F2273C71ADE5}.Debug|iPhone.Build.0 = Debug|Any CPU
		{0C95DE3A-9698-4AB3-AB01-F2273C71ADE5}.Debug|iPhoneSimulator.ActiveCfg = Debug|Any CPU
		{0C95DE3A-9698-4AB3-AB01-F2273C71ADE5}.Debug|iPhoneSimulator.Build.0 = Debug|Any CPU
		{0C95DE3A-9698-4AB3-AB01-F2273C71ADE5}.Debug|x64.ActiveCfg = Debug|Any CPU
		{0C95DE3A-9698-4AB3-AB01-F2273C71ADE5}.Debug|x64.Build.0 = Debug|Any CPU
		{0C95DE3A-9698-4AB3-AB01-F2273C71ADE5}.Debug|x86.ActiveCfg = Debug|Any CPU
		{0C95DE3A-9698-4AB3-AB01-F2273C71ADE5}.Debug|x86.Build.0 = Debug|Any CPU
		{0C95DE3A-9698-4AB3-AB01-F2273C71ADE5}.Release|Any CPU.ActiveCfg = Release|Any CPU
		{0C95DE3A-9698-4AB3-AB01-F2273C71ADE5}.Release|Any CPU.Build.0 = Release|Any CPU
		{0C95DE3A-9698-4AB3-AB01-F2273C71ADE5}.Release|ARM.ActiveCfg = Release|Any CPU
		{0C95DE3A-9698-4AB3-AB01-F2273C71ADE5}.Release|ARM.Build.0 = Release|Any CPU
		{0C95DE3A-9698-4AB3-AB01-F2273C71ADE5}.Release|ARM64.ActiveCfg = Release|Any CPU
		{0C95DE3A-9698-4AB3-AB01-F2273C71ADE5}.Release|ARM64.Build.0 = Release|Any CPU
		{0C95DE3A-9698-4AB3-AB01-F2273C71ADE5}.Release|iPhone.ActiveCfg = Release|Any CPU
		{0C95DE3A-9698-4AB3-AB01-F2273C71ADE5}.Release|iPhone.Build.0 = Release|Any CPU
		{0C95DE3A-9698-4AB3-AB01-F2273C71ADE5}.Release|iPhoneSimulator.ActiveCfg = Release|Any CPU
		{0C95DE3A-9698-4AB3-AB01-F2273C71ADE5}.Release|iPhoneSimulator.Build.0 = Release|Any CPU
		{0C95DE3A-9698-4AB3-AB01-F2273C71ADE5}.Release|x64.ActiveCfg = Release|Any CPU
		{0C95DE3A-9698-4AB3-AB01-F2273C71ADE5}.Release|x64.Build.0 = Release|Any CPU
		{0C95DE3A-9698-4AB3-AB01-F2273C71ADE5}.Release|x86.ActiveCfg = Release|Any CPU
		{0C95DE3A-9698-4AB3-AB01-F2273C71ADE5}.Release|x86.Build.0 = Release|Any CPU
	EndGlobalSection
	GlobalSection(SolutionProperties) = preSolution
		HideSolutionNode = FALSE
	EndGlobalSection
	GlobalSection(NestedProjects) = preSolution
		{7A016682-3070-4404-AD4E-656AAB582CFB} = {A1FAA85C-BC46-4D48-A2AC-0D87BFB42329}
		{EAD970EF-75A2-4396-AFF8-F594AD0E2C45} = {A1FAA85C-BC46-4D48-A2AC-0D87BFB42329}
		{78B083E9-875C-4B7B-9EA2-3B68EF86194E} = {A1FAA85C-BC46-4D48-A2AC-0D87BFB42329}
	EndGlobalSection
	GlobalSection(ExtensibilityGlobals) = postSolution
		SolutionGuid = {A64AAFE1-2D75-48B6-BED4-9D606A9DBCEE}
	EndGlobalSection
EndGlobal
